dependencies:
- name: gateway-crds-helm
  repository: oci://docker.io/envoyproxy
  version: 1.9.1
- name: gateway-helm
  repository: oci://docker.io/envoyproxy
  version: 1.9.1
digest: sha256:d0241005b6fcc8a05abb92a7c8b0cd17d62e10ddbe98fb5ab73d4979d699fec4
generated: "2026-09-02T14:27:25.006766+02:00"
