dependencies:
- name: gateway-crds-helm
  repository: oci://docker.io/envoyproxy
  version: 1.7.1
- name: gateway-helm
  repository: oci://docker.io/envoyproxy
  version: 1.7.1
digest: sha256:36d5e467ba80c42268c540a15c9307b899d4ab8c6f477d346b1ec3c060a9f5ac
generated: "2026-03-28T15:04:10.639091+01:00"
