dependencies:
- name: common-tpls
  repository: https://charts.c3rny.ninja
  version: 0.5.5
- name: cassandra
  repository: https://charts.bitnami.com/bitnami
  version: 9.2.8
digest: sha256:148051814eed1893fdcd28e88929a4635ec16769657512bf76672488a2f542c4
generated: "2022-07-20T22:26:20.185447477Z"
