dependencies:
- name: common
  repository: https://charts.bitnami.com/bitnami
  version: 1.11.3
- name: cassandra
  repository: https://charts.bitnami.com/bitnami
  version: 9.1.6
digest: sha256:3dab781d9c586ba4d7bca283862e0346459aba90e4b27de520c3fdc8c95ad2ab
generated: "2022-03-15T06:11:54.849893509Z"
