dependencies:
- name: common-tpls
  repository: https://charts.c3rny.ninja
  version: 0.5.5
- name: redis
  repository: https://charts.bitnami.com/bitnami
  version: 17.0.5
- name: web-app
  repository: https://charts.c3rny.ninja
  version: 2.5.3
digest: sha256:c136bf8af257324aa285401c3862e9d6e95ee6fe12efb13ad3e78e6445e78696
generated: "2022-07-25T07:14:40.091335303Z"
