dependencies:
- name: common-tpls
  repository: https://charts.c3rny.ninja
  version: 0.5.5
- name: redis
  repository: https://charts.bitnami.com/bitnami
  version: 16.4.5
- name: web-app
  repository: https://charts.c3rny.ninja
  version: 2.5.3
digest: sha256:d994c769078b2f4b9b51d45f98d1c65c5b4cd94706c6f136dcf63a7a3e78fb4e
generated: "2022-04-15T01:58:48.954691417+02:00"
