dependencies:
- name: common
  repository: https://charts.bitnami.com/bitnami
  version: 1.16.1
- name: postgresql-ha
  repository: https://charts.bitnami.com/bitnami
  version: 8.5.3
digest: sha256:1fc2f310118836a356096ea325e246209582631b5958667973ecb84f584da732
generated: "2022-07-20T22:50:57.000136073Z"
