dependencies:
- name: common
  repository: https://charts.bitnami.com/bitnami
  version: 1.16.1
- name: postgresql-ha
  repository: https://charts.bitnami.com/bitnami
  version: 8.3.1
digest: sha256:a4bfd8f418e5e83dc2d9c1468a26b18d46a32385bdc06ea0af6a887fdc3f010b
generated: "2022-07-20T22:27:00.668619205Z"
